github.com/hablullah/go-juliandays v1.0.0 h1:A8YM7wIj16SzlKT0SRJc9CD29iiaUzpBLzh5hr0/5p0=
github.com/hablullah/go-juliandays v1.0.0/go.mod h1:0JOYq4oFOuDja+oospuc61YoX+uNEn7Z6uHYTbBzdGc=
github.com/hablullah/go-prayer v1.0.0 h1:w5Py1QUgxHl1x20HDwcF+uZsipPxJrnmeoJFy+KcZrY=
github.com/hablullah/go-prayer v1.0.0/go.mod h1:/frx38qd63RPtqVx8RnnVTUlhgngB0Ral4liRUMOnxU=
